
Microsoft Visual Studio Solution File, Format Version 12.00
# Visual Studio Version 17
VisualStudioVersion = 17.12.35527.113 d17.12
MinimumVisualStudioVersion = 10.0.40219.1
Project("{FAE04EC0-301F-11D3-BF4B-00C04F79EFBC}") = "SharpLine.Api", "SharpLine.Api\SharpLine.Api.csproj", "{358D5C64-EF30-4D67-A4D1-A84BF9A1445C}"
EndProject
Global
	GlobalSection(SolutionConfigurationPlatforms) = preSolution
		Debug|Any CPU = Debug|Any CPU
		Release|Any CPU = Release|Any CPU
	EndGlobalSection
	GlobalSection(ProjectConfigurationPlatforms) = postSolution
		{358D5C64-EF30-4D67-A4D1-A84BF9A1445C}.Debug|Any CPU.ActiveCfg = Debug|Any CPU
		{358D5C64-EF30-4D67-A4D1-A84BF9A1445C}.Debug|Any CPU.Build.0 = Debug|Any CPU
		{358D5C64-EF30-4D67-A4D1-A84BF9A1445C}.Release|Any CPU.ActiveCfg = Release|Any CPU
		{358D5C64-EF30-4D67-A4D1-A84BF9A1445C}.Release|Any CPU.Build.0 = Release|Any CPU
	EndGlobalSection
	GlobalSection(SolutionProperties) = preSolution
		HideSolutionNode = FALSE
	EndGlobalSection
EndGlobal
